
Microsoft Visual Studio Solution File, Format Version 12.00
# Visual Studio Version 16
VisualStudioVersion = 16.0.33130.400
MinimumVisualStudioVersion = 10.0.40219.1
Project("{FAE04EC0-301F-11D3-BF4B-00C04F79EFBC}") = "Kirjasto", "Kirjasto.csproj", "{716EC08E-1337-42EC-8045-D49D773231F7}"
EndProject
Global
	GlobalSection(SolutionConfigurationPlatforms) = preSolution
		Debug|Any CPU = Debug|Any CPU
		Release|Any CPU = Release|Any CPU
	EndGlobalSection
	GlobalSection(ProjectConfigurationPlatforms) = postSolution
		{716EC08E-1337-42EC-8045-D49D773231F7}.Debug|Any CPU.ActiveCfg = Debug|Any CPU
		{716EC08E-1337-42EC-8045-D49D773231F7}.Debug|Any CPU.Build.0 = Debug|Any CPU
		{716EC08E-1337-42EC-8045-D49D773231F7}.Release|Any CPU.ActiveCfg = Release|Any CPU
		{716EC08E-1337-42EC-8045-D49D773231F7}.Release|Any CPU.Build.0 = Release|Any CPU
	EndGlobalSection
	GlobalSection(SolutionProperties) = preSolution
		HideSolutionNode = FALSE
	EndGlobalSection
	GlobalSection(ExtensibilityGlobals) = postSolution
		SolutionGuid = {0ED50A22-3275-4472-9EEA-47F05D747C15}
	EndGlobalSection
EndGlobal
